{
  "originHash" : "6c6aab0f30cf6be61bc66f582a3948b22ed27a030841df65c232e4c3bf027637",
  "pins" : [
    {
      "identity" : "silicon",
      "kind" : "remoteSourceControl",
      "location" : "https://github.com/kabir-asani/Silicon.git",
      "state" : {
        "revision" : "bdaad45095e4e3f08ec02b2d7f25ca4e3e1f597b",
        "version" : "0.0.3"
      }
    }
  ],
  "version" : 3
}
